
Microsoft Visual Studio Solution File, Format Version 12.00
# Visual Studio Version 17
VisualStudioVersion = 17.0.32014.148
MinimumVisualStudioVersion = 10.0.40219.1
Project("{FAE04EC0-301F-11D3-BF4B-00C04F79EFBC}") = "ChatApp", "ChatApp\ChatApp.csproj", "{A36CFC34-E4D7-4508-95C1-FB18B1F284E7}"
EndProject
Global
	GlobalSection(SolutionConfigurationPlatforms) = preSolution
		Debug|Any CPU = Debug|Any CPU
		Release|Any CPU = Release|Any CPU
	EndGlobalSection
	GlobalSection(ProjectConfigurationPlatforms) = postSolution
		{A36CFC34-E4D7-4508-95C1-FB18B1F284E7}.Debug|Any CPU.ActiveCfg = Debug|Any CPU
		{A36CFC34-E4D7-4508-95C1-FB18B1F284E7}.Debug|Any CPU.Build.0 = Debug|Any CPU
		{A36CFC34-E4D7-4508-95C1-FB18B1F284E7}.Release|Any CPU.ActiveCfg = Release|Any CPU
		{A36CFC34-E4D7-4508-95C1-FB18B1F284E7}.Release|Any CPU.Build.0 = Release|Any CPU
	EndGlobalSection
	GlobalSection(SolutionProperties) = preSolution
		HideSolutionNode = FALSE
	EndGlobalSection
	GlobalSection(ExtensibilityGlobals) = postSolution
		SolutionGuid = {FED1CC6D-F9E9-4310-B583-2977CF73F405}
	EndGlobalSection
EndGlobal
